
Microsoft Visual Studio Solution File, Format Version 12.00
# Visual Studio 15
VisualStudioVersion = 15.0.28307.106
MinimumVisualStudioVersion = 10.0.40219.1
Project("{FAE04EC0-301F-11D3-BF4B-00C04F79EFBC}") = "Afonsoft.ActiveDirectory", "Afonsoft.ActiveDirectory\Afonsoft.ActiveDirectory.csproj", "{C002BC86-EED9-4509-BC50-C24233E350D9}"
EndProject
Global
	GlobalSection(SolutionConfigurationPlatforms) = preSolution
		Debug|Any CPU = Debug|Any CPU
		Release|Any CPU = Release|Any CPU
	EndGlobalSection
	GlobalSection(ProjectConfigurationPlatforms) = postSolution
		{C002BC86-EED9-4509-BC50-C24233E350D9}.Debug|Any CPU.ActiveCfg = Debug|Any CPU
		{C002BC86-EED9-4509-BC50-C24233E350D9}.Debug|Any CPU.Build.0 = Debug|Any CPU
		{C002BC86-EED9-4509-BC50-C24233E350D9}.Release|Any CPU.ActiveCfg = Release|Any CPU
		{C002BC86-EED9-4509-BC50-C24233E350D9}.Release|Any CPU.Build.0 = Release|Any CPU
	EndGlobalSection
	GlobalSection(SolutionProperties) = preSolution
		HideSolutionNode = FALSE
	EndGlobalSection
	GlobalSection(ExtensibilityGlobals) = postSolution
		SolutionGuid = {A830C86A-3C93-4F79-B9D2-9B36356CFCA1}
	EndGlobalSection
EndGlobal
